
Microsoft Visual Studio Solution File, Format Version 12.00
# Visual Studio Version 17
VisualStudioVersion = 17.14.36127.28
MinimumVisualStudioVersion = 10.0.40219.1
Project("{FAE04EC0-301F-11D3-BF4B-00C04F79EFBC}") = "ExistingAPI", "ExistingAPI\ExistingAPI.csproj", "{39F4125C-D84D-4F6B-A65D-AC3FC9597831}"
EndProject
Project("{FAE04EC0-301F-11D3-BF4B-00C04F79EFBC}") = "ExistingAPI.AppHost", "ExistingAPI.AppHost\ExistingAPI.AppHost.csproj", "{F188F6B2-3267-4709-903C-BE2114463CB4}"
EndProject
Project("{FAE04EC0-301F-11D3-BF4B-00C04F79EFBC}") = "ExistingAPI.ServiceDefaults", "ExistingAPI.ServiceDefaults\ExistingAPI.ServiceDefaults.csproj", "{66CF762E-BBBE-A558-2B23-B8E5285D1256}"
EndProject
Global
	GlobalSection(SolutionConfigurationPlatforms) = preSolution
		Debug|Any CPU = Debug|Any CPU
		Release|Any CPU = Release|Any CPU
	EndGlobalSection
	GlobalSection(ProjectConfigurationPlatforms) = postSolution
		{39F4125C-D84D-4F6B-A65D-AC3FC9597831}.Debug|Any CPU.ActiveCfg = Debug|Any CPU
		{39F4125C-D84D-4F6B-A65D-AC3FC9597831}.Debug|Any CPU.Build.0 = Debug|Any CPU
		{39F4125C-D84D-4F6B-A65D-AC3FC9597831}.Release|Any CPU.ActiveCfg = Release|Any CPU
		{39F4125C-D84D-4F6B-A65D-AC3FC9597831}.Release|Any CPU.Build.0 = Release|Any CPU
		{F188F6B2-3267-4709-903C-BE2114463CB4}.Debug|Any CPU.ActiveCfg = Debug|Any CPU
		{F188F6B2-3267-4709-903C-BE2114463CB4}.Debug|Any CPU.Build.0 = Debug|Any CPU
		{F188F6B2-3267-4709-903C-BE2114463CB4}.Release|Any CPU.ActiveCfg = Release|Any CPU
		{F188F6B2-3267-4709-903C-BE2114463CB4}.Release|Any CPU.Build.0 = Release|Any CPU
		{66CF762E-BBBE-A558-2B23-B8E5285D1256}.Debug|Any CPU.ActiveCfg = Debug|Any CPU
		{66CF762E-BBBE-A558-2B23-B8E5285D1256}.Debug|Any CPU.Build.0 = Debug|Any CPU
		{66CF762E-BBBE-A558-2B23-B8E5285D1256}.Release|Any CPU.ActiveCfg = Release|Any CPU
		{66CF762E-BBBE-A558-2B23-B8E5285D1256}.Release|Any CPU.Build.0 = Release|Any CPU
	EndGlobalSection
	GlobalSection(SolutionProperties) = preSolution
		HideSolutionNode = FALSE
	EndGlobalSection
	GlobalSection(ExtensibilityGlobals) = postSolution
		SolutionGuid = {23F80478-AEBD-4523-8983-AA65D06F3976}
	EndGlobalSection
EndGlobal
